// !$*UTF8*$!
{
	archiveVersion = 1;
	classes = {
	};
	objectVersion = 50;
	objects = {

/* Begin PBXBuildFile section */
		9D1AC87F22EC42DC00DB9F66 /* AppDelegate.swift in Sources */ = {isa = PBXBuildFile; fileRef = 9D1AC87E22EC42DC00DB9F66 /* AppDelegate.swift */; };
		9D1AC88622EC42DD00DB9F66 /* Assets.xcassets in Resources */ = {isa = PBXBuildFile; fileRef = 9D1AC88522EC42DD00DB9F66 /* Assets.xcassets */; };
		9D1AC88922EC42DD00DB9F66 /* LaunchScreen.storyboard in Resources */ = {isa = PBXBuildFile; fileRef = 9D1AC88722EC42DD00DB9F66 /* LaunchScreen.storyboard */; };
		9D1AC89F22EC42DD00DB9F66 /* mulightUITests.swift in Sources */ = {isa = PBXBuildFile; fileRef = 9D1AC89E22EC42DD00DB9F66 /* mulightUITests.swift */; };
		9D1AC8AF22ECB46900DB9F66 /* RxSwift.framework in Frameworks */ = {isa = PBXBuildFile; fileRef = 9D1AC8AD22ECB46900DB9F66 /* RxSwift.framework */; };
		9D1AC8B022ECB46900DB9F66 /* SnapKit.framework in Frameworks */ = {isa = PBXBuildFile; fileRef = 9D1AC8AE22ECB46900DB9F66 /* SnapKit.framework */; };
		9D1AC8B222ECB9EA00DB9F66 /* RxSwift.framework in Frameworks */ = {isa = PBXBuildFile; fileRef = 9D1AC8AD22ECB46900DB9F66 /* RxSwift.framework */; };
		9D1AC8B322ECB9EA00DB9F66 /* SnapKit.framework in Frameworks */ = {isa = PBXBuildFile; fileRef = 9D1AC8AE22ECB46900DB9F66 /* SnapKit.framework */; };
		9D1AC8B422ECBBC600DB9F66 /* RxSwift.framework in Frameworks */ = {isa = PBXBuildFile; fileRef = 9D1AC8AD22ECB46900DB9F66 /* RxSwift.framework */; };
		9D1AC8B522ECBBC600DB9F66 /* SnapKit.framework in Frameworks */ = {isa = PBXBuildFile; fileRef = 9D1AC8AE22ECB46900DB9F66 /* SnapKit.framework */; };
		9D1AC8B722ECBDCD00DB9F66 /* RxSwift.framework in Embed Frameworks */ = {isa = PBXBuildFile; fileRef = 9D1AC8AD22ECB46900DB9F66 /* RxSwift.framework */; settings = {ATTRIBUTES = (CodeSignOnCopy, RemoveHeadersOnCopy, ); }; };
		9D1AC8B822ECBDCD00DB9F66 /* SnapKit.framework in Embed Frameworks */ = {isa = PBXBuildFile; fileRef = 9D1AC8AE22ECB46900DB9F66 /* SnapKit.framework */; settings = {ATTRIBUTES = (CodeSignOnCopy, RemoveHeadersOnCopy, ); }; };
		9D1AC8BA22ECBEF400DB9F66 /* RxSwift.framework in Embed Frameworks */ = {isa = PBXBuildFile; fileRef = 9D1AC8AD22ECB46900DB9F66 /* RxSwift.framework */; settings = {ATTRIBUTES = (CodeSignOnCopy, RemoveHeadersOnCopy, ); }; };
		9D1AC8BB22ECBEF400DB9F66 /* SnapKit.framework in Embed Frameworks */ = {isa = PBXBuildFile; fileRef = 9D1AC8AE22ECB46900DB9F66 /* SnapKit.framework */; settings = {ATTRIBUTES = (CodeSignOnCopy, RemoveHeadersOnCopy, ); }; };
		9D772ADF22EE7FCB006809AB /* ImageService.swift in Sources */ = {isa = PBXBuildFile; fileRef = 9D772ADE22EE7FCB006809AB /* ImageService.swift */; };
		9D772AE122EE801D006809AB /* ImageModel.swift in Sources */ = {isa = PBXBuildFile; fileRef = 9D772AE022EE801D006809AB /* ImageModel.swift */; };
		9D7CB53122EDCD1B00A34141 /* HomeCoordinator.swift in Sources */ = {isa = PBXBuildFile; fileRef = 9D7CB53022EDCD1B00A34141 /* HomeCoordinator.swift */; };
		9D7CB53322EDCD2B00A34141 /* HomeViewModel.swift in Sources */ = {isa = PBXBuildFile; fileRef = 9D7CB53222EDCD2B00A34141 /* HomeViewModel.swift */; };
		9D7CB53522EDCD3A00A34141 /* HomeViewController.swift in Sources */ = {isa = PBXBuildFile; fileRef = 9D7CB53422EDCD3A00A34141 /* HomeViewController.swift */; };
		9D7CB53722EE063900A34141 /* RxCocoa.framework in Frameworks */ = {isa = PBXBuildFile; fileRef = 9D7CB53622EE063900A34141 /* RxCocoa.framework */; };
		9D7CB53822EE06A700A34141 /* RxCocoa.framework in Frameworks */ = {isa = PBXBuildFile; fileRef = 9D7CB53622EE063900A34141 /* RxCocoa.framework */; };
		9D7CB53922EE06B000A34141 /* RxCocoa.framework in Embed Frameworks */ = {isa = PBXBuildFile; fileRef = 9D7CB53622EE063900A34141 /* RxCocoa.framework */; settings = {ATTRIBUTES = (CodeSignOnCopy, RemoveHeadersOnCopy, ); }; };
		9D7CB53A22EE06C000A34141 /* RxCocoa.framework in Frameworks */ = {isa = PBXBuildFile; fileRef = 9D7CB53622EE063900A34141 /* RxCocoa.framework */; };
		9D7CB53B22EE06C700A34141 /* RxCocoa.framework in Embed Frameworks */ = {isa = PBXBuildFile; fileRef = 9D7CB53622EE063900A34141 /* RxCocoa.framework */; settings = {ATTRIBUTES = (CodeSignOnCopy, RemoveHeadersOnCopy, ); }; };
		9D7CB54122EE079B00A34141 /* Presentable.swift in Sources */ = {isa = PBXBuildFile; fileRef = 9D7CB53E22EE079B00A34141 /* Presentable.swift */; };
		9D7CB54222EE079B00A34141 /* Coordinatable.swift in Sources */ = {isa = PBXBuildFile; fileRef = 9D7CB53F22EE079B00A34141 /* Coordinatable.swift */; };
		9D7CB54322EE079B00A34141 /* Routable.swift in Sources */ = {isa = PBXBuildFile; fileRef = 9D7CB54022EE079B00A34141 /* Routable.swift */; };
		9D7CB54522EE088800A34141 /* Router.swift in Sources */ = {isa = PBXBuildFile; fileRef = 9D7CB54422EE088800A34141 /* Router.swift */; };
		9D7CB54722EE0A0600A34141 /* HomeViewControllerTests.swift in Sources */ = {isa = PBXBuildFile; fileRef = 9D7CB54622EE0A0600A34141 /* HomeViewControllerTests.swift */; };
		9D7CB56022EE0CD300A34141 /* RxCocoa.framework in Embed Frameworks */ = {isa = PBXBuildFile; fileRef = 9D7CB53622EE063900A34141 /* RxCocoa.framework */; settings = {ATTRIBUTES = (CodeSignOnCopy, RemoveHeadersOnCopy, ); }; };
		9D7CB56122EE0CD300A34141 /* RxSwift.framework in Embed Frameworks */ = {isa = PBXBuildFile; fileRef = 9D1AC8AD22ECB46900DB9F66 /* RxSwift.framework */; settings = {ATTRIBUTES = (CodeSignOnCopy, RemoveHeadersOnCopy, ); }; };
		9D7CB56222EE0CD300A34141 /* SnapKit.framework in Embed Frameworks */ = {isa = PBXBuildFile; fileRef = 9D1AC8AE22ECB46900DB9F66 /* SnapKit.framework */; settings = {ATTRIBUTES = (CodeSignOnCopy, RemoveHeadersOnCopy, ); }; };
		9DA7BDBA22EE11D700C57606 /* MockHomeViewable.swift in Sources */ = {isa = PBXBuildFile; fileRef = 9DA7BDB922EE11D700C57606 /* MockHomeViewable.swift */; };
		9DAD960522EE9B1F00291D67 /* CustomError.swift in Sources */ = {isa = PBXBuildFile; fileRef = 9DAD960422EE9B1F00291D67 /* CustomError.swift */; };
/* End PBXBuildFile section */

/* Begin PBXContainerItemProxy section */
		9D1AC89022EC42DD00DB9F66 /* PBXContainerItemProxy */ = {
			isa = PBXContainerItemProxy;
			containerPortal = 9D1AC87322EC42DC00DB9F66 /* Project object */;
			proxyType = 1;
			remoteGlobalIDString = 9D1AC87A22EC42DC00DB9F66;
			remoteInfo = mulight;
		};
		9D1AC89B22EC42DD00DB9F66 /* PBXContainerItemProxy */ = {
			isa = PBXContainerItemProxy;
			containerPortal = 9D1AC87322EC42DC00DB9F66 /* Project object */;
			proxyType = 1;
			remoteGlobalIDString = 9D1AC87A22EC42DC00DB9F66;
			remoteInfo = mulight;
		};
/* End PBXContainerItemProxy section */

/* Begin PBXCopyFilesBuildPhase section */
		9D1AC8B622ECBDA500DB9F66 /* Embed Frameworks */ = {
			isa = PBXCopyFilesBuildPhase;
			buildActionMask = 2147483647;
			dstPath = "";
			dstSubfolderSpec = 10;
			files = (
				9D7CB53B22EE06C700A34141 /* RxCocoa.framework in Embed Frameworks */,
				9D1AC8B722ECBDCD00DB9F66 /* RxSwift.framework in Embed Frameworks */,
				9D1AC8B822ECBDCD00DB9F66 /* SnapKit.framework in Embed Frameworks */,
			);
			name = "Embed Frameworks";
			runOnlyForDeploymentPostprocessing = 0;
		};
		9D1AC8B922ECBEE500DB9F66 /* Embed Frameworks */ = {
			isa = PBXCopyFilesBuildPhase;
			buildActionMask = 2147483647;
			dstPath = "";
			dstSubfolderSpec = 10;
			files = (
				9D7CB53922EE06B000A34141 /* RxCocoa.framework in Embed Frameworks */,
				9D1AC8BA22ECBEF400DB9F66 /* RxSwift.framework in Embed Frameworks */,
				9D1AC8BB22ECBEF400DB9F66 /* SnapKit.framework in Embed Frameworks */,
			);
			name = "Embed Frameworks";
			runOnlyForDeploymentPostprocessing = 0;
		};
		9D7CB55B22EE0B7800A34141 /* Embed Frameworks */ = {
			isa = PBXCopyFilesBuildPhase;
			buildActionMask = 2147483647;
			dstPath = "";
			dstSubfolderSpec = 10;
			files = (
				9D7CB56022EE0CD300A34141 /* RxCocoa.framework in Embed Frameworks */,
				9D7CB56122EE0CD300A34141 /* RxSwift.framework in Embed Frameworks */,
				9D7CB56222EE0CD300A34141 /* SnapKit.framework in Embed Frameworks */,
			);
			name = "Embed Frameworks";
			runOnlyForDeploymentPostprocessing = 0;
		};
/* End PBXCopyFilesBuildPhase section */

/* Begin PBXFileReference section */
		9D1AC87B22EC42DC00DB9F66 /* mulight.app */ = {isa = PBXFileReference; explicitFileType = wrapper.application; includeInIndex = 0; path = mulight.app; sourceTree = BUILT_PRODUCTS_DIR; };
		9D1AC87E22EC42DC00DB9F66 /* AppDelegate.swift */ = {isa = PBXFileReference; lastKnownFileType = sourcecode.swift; path = AppDelegate.swift; sourceTree = "<group>"; };
		9D1AC88522EC42DD00DB9F66 /* Assets.xcassets */ = {isa = PBXFileReference; lastKnownFileType = folder.assetcatalog; path = Assets.xcassets; sourceTree = "<group>"; };
		9D1AC88822EC42DD00DB9F66 /* Base */ = {isa = PBXFileReference; lastKnownFileType = file.storyboard; name = Base; path = Base.lproj/LaunchScreen.storyboard; sourceTree = "<group>"; };
		9D1AC88A22EC42DD00DB9F66 /* Info.plist */ = {isa = PBXFileReference; lastKnownFileType = text.plist.xml; path = Info.plist; sourceTree = "<group>"; };
		9D1AC88F22EC42DD00DB9F66 /* mulightTests.xctest */ = {isa = PBXFileReference; explicitFileType = wrapper.cfbundle; includeInIndex = 0; path = mulightTests.xctest; sourceTree = BUILT_PRODUCTS_DIR; };
		9D1AC89522EC42DD00DB9F66 /* Info.plist */ = {isa = PBXFileReference; lastKnownFileType = text.plist.xml; path = Info.plist; sourceTree = "<group>"; };
		9D1AC89A22EC42DD00DB9F66 /* mulightUITests.xctest */ = {isa = PBXFileReference; explicitFileType = wrapper.cfbundle; includeInIndex = 0; path = mulightUITests.xctest; sourceTree = BUILT_PRODUCTS_DIR; };
		9D1AC89E22EC42DD00DB9F66 /* mulightUITests.swift */ = {isa = PBXFileReference; lastKnownFileType = sourcecode.swift; path = mulightUITests.swift; sourceTree = "<group>"; };
		9D1AC8A022EC42DD00DB9F66 /* Info.plist */ = {isa = PBXFileReference; lastKnownFileType = text.plist.xml; path = Info.plist; sourceTree = "<group>"; };
		9D1AC8AD22ECB46900DB9F66 /* RxSwift.framework */ = {isa = PBXFileReference; lastKnownFileType = wrapper.framework; name = RxSwift.framework; path = Carthage/Build/iOS/RxSwift.framework; sourceTree = "<group>"; };
		9D1AC8AE22ECB46900DB9F66 /* SnapKit.framework */ = {isa = PBXFileReference; lastKnownFileType = wrapper.framework; name = SnapKit.framework; path = Carthage/Build/iOS/SnapKit.framework; sourceTree = "<group>"; };
		9D772ADE22EE7FCB006809AB /* ImageService.swift */ = {isa = PBXFileReference; lastKnownFileType = sourcecode.swift; path = ImageService.swift; sourceTree = "<group>"; };
		9D772AE022EE801D006809AB /* ImageModel.swift */ = {isa = PBXFileReference; lastKnownFileType = sourcecode.swift; path = ImageModel.swift; sourceTree = "<group>"; };
		9D7CB53022EDCD1B00A34141 /* HomeCoordinator.swift */ = {isa = PBXFileReference; lastKnownFileType = sourcecode.swift; path = HomeCoordinator.swift; sourceTree = "<group>"; };
		9D7CB53222EDCD2B00A34141 /* HomeViewModel.swift */ = {isa = PBXFileReference; lastKnownFileType = sourcecode.swift; path = HomeViewModel.swift; sourceTree = "<group>"; };
		9D7CB53422EDCD3A00A34141 /* HomeViewController.swift */ = {isa = PBXFileReference; lastKnownFileType = sourcecode.swift; path = HomeViewController.swift; sourceTree = "<group>"; };
		9D7CB53622EE063900A34141 /* RxCocoa.framework */ = {isa = PBXFileReference; lastKnownFileType = wrapper.framework; name = RxCocoa.framework; path = Carthage/Build/iOS/RxCocoa.framework; sourceTree = "<group>"; };
		9D7CB53E22EE079B00A34141 /* Presentable.swift */ = {isa = PBXFileReference; fileEncoding = 4; lastKnownFileType = sourcecode.swift; path = Presentable.swift; sourceTree = "<group>"; };
		9D7CB53F22EE079B00A34141 /* Coordinatable.swift */ = {isa = PBXFileReference; fileEncoding = 4; lastKnownFileType = sourcecode.swift; path = Coordinatable.swift; sourceTree = "<group>"; };
		9D7CB54022EE079B00A34141 /* Routable.swift */ = {isa = PBXFileReference; fileEncoding = 4; lastKnownFileType = sourcecode.swift; path = Routable.swift; sourceTree = "<group>"; };
		9D7CB54422EE088800A34141 /* Router.swift */ = {isa = PBXFileReference; fileEncoding = 4; lastKnownFileType = sourcecode.swift; path = Router.swift; sourceTree = "<group>"; };
		9D7CB54622EE0A0600A34141 /* HomeViewControllerTests.swift */ = {isa = PBXFileReference; lastKnownFileType = sourcecode.swift; path = HomeViewControllerTests.swift; sourceTree = "<group>"; };
		9DA7BDB922EE11D700C57606 /* MockHomeViewable.swift */ = {isa = PBXFileReference; lastKnownFileType = sourcecode.swift; path = MockHomeViewable.swift; sourceTree = "<group>"; };
		9DAD960422EE9B1F00291D67 /* CustomError.swift */ = {isa = PBXFileReference; lastKnownFileType = sourcecode.swift; path = CustomError.swift; sourceTree = "<group>"; };
/* End PBXFileReference section */

/* Begin PBXFrameworksBuildPhase section */
		9D1AC87822EC42DC00DB9F66 /* Frameworks */ = {
			isa = PBXFrameworksBuildPhase;
			buildActionMask = 2147483647;
			files = (
				9D7CB53722EE063900A34141 /* RxCocoa.framework in Frameworks */,
				9D1AC8AF22ECB46900DB9F66 /* RxSwift.framework in Frameworks */,
				9D1AC8B022ECB46900DB9F66 /* SnapKit.framework in Frameworks */,
			);
			runOnlyForDeploymentPostprocessing = 0;
		};
		9D1AC88C22EC42DD00DB9F66 /* Frameworks */ = {
			isa = PBXFrameworksBuildPhase;
			buildActionMask = 2147483647;
			files = (
				9D7CB53822EE06A700A34141 /* RxCocoa.framework in Frameworks */,
				9D1AC8B222ECB9EA00DB9F66 /* RxSwift.framework in Frameworks */,
				9D1AC8B322ECB9EA00DB9F66 /* SnapKit.framework in Frameworks */,
			);
			runOnlyForDeploymentPostprocessing = 0;
		};
		9D1AC89722EC42DD00DB9F66 /* Frameworks */ = {
			isa = PBXFrameworksBuildPhase;
			buildActionMask = 2147483647;
			files = (
				9D7CB53A22EE06C000A34141 /* RxCocoa.framework in Frameworks */,
				9D1AC8B422ECBBC600DB9F66 /* RxSwift.framework in Frameworks */,
				9D1AC8B522ECBBC600DB9F66 /* SnapKit.framework in Frameworks */,
			);
			runOnlyForDeploymentPostprocessing = 0;
		};
/* End PBXFrameworksBuildPhase section */

/* Begin PBXGroup section */
		9D1AC87222EC42DC00DB9F66 = {
			isa = PBXGroup;
			children = (
				9D1AC87D22EC42DC00DB9F66 /* mulight */,
				9D1AC89222EC42DD00DB9F66 /* mulightTests */,
				9D1AC89D22EC42DD00DB9F66 /* mulightUITests */,
				9D1AC87C22EC42DC00DB9F66 /* Products */,
				9D1AC8AC22ECB46900DB9F66 /* Frameworks */,
			);
			sourceTree = "<group>";
		};
		9D1AC87C22EC42DC00DB9F66 /* Products */ = {
			isa = PBXGroup;
			children = (
				9D1AC87B22EC42DC00DB9F66 /* mulight.app */,
				9D1AC88F22EC42DD00DB9F66 /* mulightTests.xctest */,
				9D1AC89A22EC42DD00DB9F66 /* mulightUITests.xctest */,
			);
			name = Products;
			sourceTree = "<group>";
		};
		9D1AC87D22EC42DC00DB9F66 /* mulight */ = {
			isa = PBXGroup;
			children = (
				9D772ADD22EE7F3A006809AB /* Service */,
				9D7CB53C22EE072500A34141 /* Base */,
				9D7CB52F22EDCC2E00A34141 /* Home */,
				9D1FE91422EF184100D270CB /* List */,
				9D1AC87E22EC42DC00DB9F66 /* AppDelegate.swift */,
				9D7CB54422EE088800A34141 /* Router.swift */,
				9D1AC88522EC42DD00DB9F66 /* Assets.xcassets */,
				9D1AC88722EC42DD00DB9F66 /* LaunchScreen.storyboard */,
				9D1AC88A22EC42DD00DB9F66 /* Info.plist */,
			);
			path = mulight;
			sourceTree = "<group>";
		};
		9D1AC89222EC42DD00DB9F66 /* mulightTests */ = {
			isa = PBXGroup;
			children = (
				9DA7BDB822EE11C200C57606 /* Mock */,
				9D7CB54622EE0A0600A34141 /* HomeViewControllerTests.swift */,
				9D1AC89522EC42DD00DB9F66 /* Info.plist */,
			);
			path = mulightTests;
			sourceTree = "<group>";
		};
		9D1AC89D22EC42DD00DB9F66 /* mulightUITests */ = {
			isa = PBXGroup;
			children = (
				9D1AC89E22EC42DD00DB9F66 /* mulightUITests.swift */,
				9D1AC8A022EC42DD00DB9F66 /* Info.plist */,
			);
			path = mulightUITests;
			sourceTree = "<group>";
		};
		9D1AC8AC22ECB46900DB9F66 /* Frameworks */ = {
			isa = PBXGroup;
			children = (
				9D7CB53622EE063900A34141 /* RxCocoa.framework */,
				9D1AC8AD22ECB46900DB9F66 /* RxSwift.framework */,
				9D1AC8AE22ECB46900DB9F66 /* SnapKit.framework */,
			);
			name = Frameworks;
			sourceTree = "<group>";
		};
		9D1FE91422EF184100D270CB /* List */ = {
			isa = PBXGroup;
			children = (
			);
			path = List;
			sourceTree = "<group>";
		};
		9D772ADD22EE7F3A006809AB /* Service */ = {
			isa = PBXGroup;
			children = (
				9D772AE022EE801D006809AB /* ImageModel.swift */,
				9D772ADE22EE7FCB006809AB /* ImageService.swift */,
			);
			path = Service;
			sourceTree = "<group>";
		};
		9D7CB52F22EDCC2E00A34141 /* Home */ = {
			isa = PBXGroup;
			children = (
				9D7CB53022EDCD1B00A34141 /* HomeCoordinator.swift */,
				9D7CB53222EDCD2B00A34141 /* HomeViewModel.swift */,
				9D7CB53422EDCD3A00A34141 /* HomeViewController.swift */,
			);
			path = Home;
			sourceTree = "<group>";
		};
		9D7CB53C22EE072500A34141 /* Base */ = {
			isa = PBXGroup;
			children = (
				9D7CB53D22EE078B00A34141 /* Protocol */,
				9DAD960422EE9B1F00291D67 /* CustomError.swift */,
			);
			path = Base;
			sourceTree = "<group>";
		};
		9D7CB53D22EE078B00A34141 /* Protocol */ = {
			isa = PBXGroup;
			children = (
				9D7CB53F22EE079B00A34141 /* Coordinatable.swift */,
				9D7CB53E22EE079B00A34141 /* Presentable.swift */,
				9D7CB54022EE079B00A34141 /* Routable.swift */,
			);
			path = Protocol;
			sourceTree = "<group>";
		};
		9DA7BDB822EE11C200C57606 /* Mock */ = {
			isa = PBXGroup;
			children = (
				9DA7BDB922EE11D700C57606 /* MockHomeViewable.swift */,
			);
			path = Mock;
			sourceTree = "<group>";
		};
/* End PBXGroup section */

/* Begin PBXNativeTarget section */
		9D1AC87A22EC42DC00DB9F66 /* mulight */ = {
			isa = PBXNativeTarget;
			buildConfigurationList = 9D1AC8A322EC42DD00DB9F66 /* Build configuration list for PBXNativeTarget "mulight" */;
			buildPhases = (
				9D1AC87722EC42DC00DB9F66 /* Sources */,
				9D1AC87822EC42DC00DB9F66 /* Frameworks */,
				9D1AC87922EC42DC00DB9F66 /* Resources */,
				9D1AC8B122ECB49B00DB9F66 /* ShellScript */,
				9D7CB55B22EE0B7800A34141 /* Embed Frameworks */,
			);
			buildRules = (
			);
			dependencies = (
			);
			name = mulight;
			productName = mulight;
			productReference = 9D1AC87B22EC42DC00DB9F66 /* mulight.app */;
			productType = "com.apple.product-type.application";
		};
		9D1AC88E22EC42DD00DB9F66 /* mulightTests */ = {
			isa = PBXNativeTarget;
			buildConfigurationList = 9D1AC8A622EC42DD00DB9F66 /* Build configuration list for PBXNativeTarget "mulightTests" */;
			buildPhases = (
				9D1AC88B22EC42DD00DB9F66 /* Sources */,
				9D1AC88C22EC42DD00DB9F66 /* Frameworks */,
				9D1AC88D22EC42DD00DB9F66 /* Resources */,
				9D1AC8B922ECBEE500DB9F66 /* Embed Frameworks */,
			);
			buildRules = (
			);
			dependencies = (
				9D1AC89122EC42DD00DB9F66 /* PBXTargetDependency */,
			);
			name = mulightTests;
			productName = mulightTests;
			productReference = 9D1AC88F22EC42DD00DB9F66 /* mulightTests.xctest */;
			productType = "com.apple.product-type.bundle.unit-test";
		};
		9D1AC89922EC42DD00DB9F66 /* mulightUITests */ = {
			isa = PBXNativeTarget;
			buildConfigurationList = 9D1AC8A922EC42DD00DB9F66 /* Build configuration list for PBXNativeTarget "mulightUITests" */;
			buildPhases = (
				9D1AC89622EC42DD00DB9F66 /* Sources */,
				9D1AC89722EC42DD00DB9F66 /* Frameworks */,
				9D1AC89822EC42DD00DB9F66 /* Resources */,
				9D1AC8B622ECBDA500DB9F66 /* Embed Frameworks */,
			);
			buildRules = (
			);
			dependencies = (
				9D1AC89C22EC42DD00DB9F66 /* PBXTargetDependency */,
			);
			name = mulightUITests;
			productName = mulightUITests;
			productReference = 9D1AC89A22EC42DD00DB9F66 /* mulightUITests.xctest */;
			productType = "com.apple.product-type.bundle.ui-testing";
		};
/* End PBXNativeTarget section */

/* Begin PBXProject section */
		9D1AC87322EC42DC00DB9F66 /* Project object */ = {
			isa = PBXProject;
			attributes = {
				LastSwiftUpdateCheck = 1030;
				LastUpgradeCheck = 1030;
				ORGANIZATIONNAME = "jukui liu";
				TargetAttributes = {
					9D1AC87A22EC42DC00DB9F66 = {
						CreatedOnToolsVersion = 10.3;
					};
					9D1AC88E22EC42DD00DB9F66 = {
						CreatedOnToolsVersion = 10.3;
						TestTargetID = 9D1AC87A22EC42DC00DB9F66;
					};
					9D1AC89922EC42DD00DB9F66 = {
						CreatedOnToolsVersion = 10.3;
						TestTargetID = 9D1AC87A22EC42DC00DB9F66;
					};
				};
			};
			buildConfigurationList = 9D1AC87622EC42DC00DB9F66 /* Build configuration list for PBXProject "mulight" */;
			compatibilityVersion = "Xcode 9.3";
			developmentRegion = en;
			hasScannedForEncodings = 0;
			knownRegions = (
				en,
				Base,
			);
			mainGroup = 9D1AC87222EC42DC00DB9F66;
			productRefGroup = 9D1AC87C22EC42DC00DB9F66 /* Products */;
			projectDirPath = "";
			projectRoot = "";
			targets = (
				9D1AC87A22EC42DC00DB9F66 /* mulight */,
				9D1AC88E22EC42DD00DB9F66 /* mulightTests */,
				9D1AC89922EC42DD00DB9F66 /* mulightUITests */,
			);
		};
/* End PBXProject section */

/* Begin PBXResourcesBuildPhase section */
		9D1AC87922EC42DC00DB9F66 /* Resources */ = {
			isa = PBXResourcesBuildPhase;
			buildActionMask = 2147483647;
			files = (
				9D1AC88922EC42DD00DB9F66 /* LaunchScreen.storyboard in Resources */,
				9D1AC88622EC42DD00DB9F66 /* Assets.xcassets in Resources */,
			);
			runOnlyForDeploymentPostprocessing = 0;
		};
		9D1AC88D22EC42DD00DB9F66 /* Resources */ = {
			isa = PBXResourcesBuildPhase;
			buildActionMask = 2147483647;
			files = (
			);
			runOnlyForDeploymentPostprocessing = 0;
		};
		9D1AC89822EC42DD00DB9F66 /* Resources */ = {
			isa = PBXResourcesBuildPhase;
			buildActionMask = 2147483647;
			files = (
			);
			runOnlyForDeploymentPostprocessing = 0;
		};
/* End PBXResourcesBuildPhase section */

/* Begin PBXShellScriptBuildPhase section */
		9D1AC8B122ECB49B00DB9F66 /* ShellScript */ = {
			isa = PBXShellScriptBuildPhase;
			buildActionMask = 12;
			files = (
			);
			inputFileListPaths = (
			);
			inputPaths = (
			);
			outputFileListPaths = (
			);
			outputPaths = (
			);
			runOnlyForDeploymentPostprocessing = 0;
			shellPath = /bin/sh;
			shellScript = "# Type a script or drag a script file from your workspace to insert its path.\n";
		};
/* End PBXShellScriptBuildPhase section */

/* Begin PBXSourcesBuildPhase section */
		9D1AC87722EC42DC00DB9F66 /* Sources */ = {
			isa = PBXSourcesBuildPhase;
			buildActionMask = 2147483647;
			files = (
				9D7CB54522EE088800A34141 /* Router.swift in Sources */,
				9D772AE122EE801D006809AB /* ImageModel.swift in Sources */,
				9D1AC87F22EC42DC00DB9F66 /* AppDelegate.swift in Sources */,
				9D772ADF22EE7FCB006809AB /* ImageService.swift in Sources */,
				9D7CB53322EDCD2B00A34141 /* HomeViewModel.swift in Sources */,
				9D7CB53522EDCD3A00A34141 /* HomeViewController.swift in Sources */,
				9D7CB53122EDCD1B00A34141 /* HomeCoordinator.swift in Sources */,
				9DAD960522EE9B1F00291D67 /* CustomError.swift in Sources */,
				9D7CB54122EE079B00A34141 /* Presentable.swift in Sources */,
				9D7CB54222EE079B00A34141 /* Coordinatable.swift in Sources */,
				9D7CB54322EE079B00A34141 /* Routable.swift in Sources */,
			);
			runOnlyForDeploymentPostprocessing = 0;
		};
		9D1AC88B22EC42DD00DB9F66 /* Sources */ = {
			isa = PBXSourcesBuildPhase;
			buildActionMask = 2147483647;
			files = (
				9D7CB54722EE0A0600A34141 /* HomeViewControllerTests.swift in Sources */,
				9DA7BDBA22EE11D700C57606 /* MockHomeViewable.swift in Sources */,
			);
			runOnlyForDeploymentPostprocessing = 0;
		};
		9D1AC89622EC42DD00DB9F66 /* Sources */ = {
			isa = PBXSourcesBuildPhase;
			buildActionMask = 2147483647;
			files = (
				9D1AC89F22EC42DD00DB9F66 /* mulightUITests.swift in Sources */,
			);
			runOnlyForDeploymentPostprocessing = 0;
		};
/* End PBXSourcesBuildPhase section */

/* Begin PBXTargetDependency section */
		9D1AC89122EC42DD00DB9F66 /* PBXTargetDependency */ = {
			isa = PBXTargetDependency;
			target = 9D1AC87A22EC42DC00DB9F66 /* mulight */;
			targetProxy = 9D1AC89022EC42DD00DB9F66 /* PBXContainerItemProxy */;
		};
		9D1AC89C22EC42DD00DB9F66 /* PBXTargetDependency */ = {
			isa = PBXTargetDependency;
			target = 9D1AC87A22EC42DC00DB9F66 /* mulight */;
			targetProxy = 9D1AC89B22EC42DD00DB9F66 /* PBXContainerItemProxy */;
		};
/* End PBXTargetDependency section */

/* Begin PBXVariantGroup section */
		9D1AC88722EC42DD00DB9F66 /* LaunchScreen.storyboard */ = {
			isa = PBXVariantGroup;
			children = (
				9D1AC88822EC42DD00DB9F66 /* Base */,
			);
			name = LaunchScreen.storyboard;
			sourceTree = "<group>";
		};
/* End PBXVariantGroup section */

/* Begin XCBuildConfiguration section */
		9D1AC8A122EC42DD00DB9F66 /* Debug */ = {
			isa = XCBuildConfiguration;
			buildSettings = {
				ALWAYS_SEARCH_USER_PATHS = NO;
				CLANG_ANALYZER_NONNULL = YES;
				CLANG_ANALYZER_NUMBER_OBJECT_CONVERSION = YES_AGGRESSIVE;
				CLANG_CXX_LANGUAGE_STANDARD = "gnu++14";
				CLANG_CXX_LIBRARY = "libc++";
				CLANG_ENABLE_MODULES = YES;
				CLANG_ENABLE_OBJC_ARC = YES;
				CLANG_ENABLE_OBJC_WEAK = YES;
				CLANG_WARN_BLOCK_CAPTURE_AUTORELEASING = YES;
				CLANG_WARN_BOOL_CONVERSION = YES;
				CLANG_WARN_COMMA = YES;
				CLANG_WARN_CONSTANT_CONVERSION = YES;
				CLANG_WARN_DEPRECATED_OBJC_IMPLEMENTATIONS = YES;
				CLANG_WARN_DIRECT_OBJC_ISA_USAGE = YES_ERROR;
				CLANG_WARN_DOCUMENTATION_COMMENTS = YES;
				CLANG_WARN_EMPTY_BODY = YES;
				CLANG_WARN_ENUM_CONVERSION = YES;
				CLANG_WARN_INFINITE_RECURSION = YES;
				CLANG_WARN_INT_CONVERSION = YES;
				CLANG_WARN_NON_LITERAL_NULL_CONVERSION = YES;
				CLANG_WARN_OBJC_IMPLICIT_RETAIN_SELF = YES;
				CLANG_WARN_OBJC_LITERAL_CONVERSION = YES;
				CLANG_WARN_OBJC_ROOT_CLASS = YES_ERROR;
				CLANG_WARN_RANGE_LOOP_ANALYSIS = YES;
				CLANG_WARN_STRICT_PROTOTYPES = YES;
				CLANG_WARN_SUSPICIOUS_MOVE = YES;
				CLANG_WARN_UNGUARDED_AVAILABILITY = YES_AGGRESSIVE;
				CLANG_WARN_UNREACHABLE_CODE = YES;
				CLANG_WARN__DUPLICATE_METHOD_MATCH = YES;
				CODE_SIGN_IDENTITY = "iPhone Developer";
				COPY_PHASE_STRIP = NO;
				DEBUG_INFORMATION_FORMAT = dwarf;
				ENABLE_STRICT_OBJC_MSGSEND = YES;
				ENABLE_TESTABILITY = YES;
				GCC_C_LANGUAGE_STANDARD = gnu11;
				GCC_DYNAMIC_NO_PIC = NO;
				GCC_NO_COMMON_BLOCKS = YES;
				GCC_OPTIMIZATION_LEVEL = 0;
				GCC_PREPROCESSOR_DEFINITIONS = (
					"DEBUG=1",
					"$(inherited)",
				);
				GCC_WARN_64_TO_32_BIT_CONVERSION = YES;
				GCC_WARN_ABOUT_RETURN_TYPE = YES_ERROR;
				GCC_WARN_UNDECLARED_SELECTOR = YES;
				GCC_WARN_UNINITIALIZED_AUTOS = YES_AGGRESSIVE;
				GCC_WARN_UNUSED_FUNCTION = YES;
				GCC_WARN_UNUSED_VARIABLE = YES;
				IPHONEOS_DEPLOYMENT_TARGET = 12.4;
				MTL_ENABLE_DEBUG_INFO = INCLUDE_SOURCE;
				MTL_FAST_MATH = YES;
				ONLY_ACTIVE_ARCH = YES;
				SDKROOT = iphoneos;
				SWIFT_ACTIVE_COMPILATION_CONDITIONS = DEBUG;
				SWIFT_OPTIMIZATION_LEVEL = "-Onone";
			};
			name = Debug;
		};
		9D1AC8A222EC42DD00DB9F66 /* Release */ = {
			isa = XCBuildConfiguration;
			buildSettings = {
				ALWAYS_SEARCH_USER_PATHS = NO;
				CLANG_ANALYZER_NONNULL = YES;
				CLANG_ANALYZER_NUMBER_OBJECT_CONVERSION = YES_AGGRESSIVE;
				CLANG_CXX_LANGUAGE_STANDARD = "gnu++14";
				CLANG_CXX_LIBRARY = "libc++";
				CLANG_ENABLE_MODULES = YES;
				CLANG_ENABLE_OBJC_ARC = YES;
				CLANG_ENABLE_OBJC_WEAK = YES;
				CLANG_WARN_BLOCK_CAPTURE_AUTORELEASING = YES;
				CLANG_WARN_BOOL_CONVERSION = YES;
				CLANG_WARN_COMMA = YES;
				CLANG_WARN_CONSTANT_CONVERSION = YES;
				CLANG_WARN_DEPRECATED_OBJC_IMPLEMENTATIONS = YES;
				CLANG_WARN_DIRECT_OBJC_ISA_USAGE = YES_ERROR;
				CLANG_WARN_DOCUMENTATION_COMMENTS = YES;
				CLANG_WARN_EMPTY_BODY = YES;
				CLANG_WARN_ENUM_CONVERSION = YES;
				CLANG_WARN_INFINITE_RECURSION = YES;
				CLANG_WARN_INT_CONVERSION = YES;
				CLANG_WARN_NON_LITERAL_NULL_CONVERSION = YES;
				CLANG_WARN_OBJC_IMPLICIT_RETAIN_SELF = YES;
				CLANG_WARN_OBJC_LITERAL_CONVERSION = YES;
				CLANG_WARN_OBJC_ROOT_CLASS = YES_ERROR;
				CLANG_WARN_RANGE_LOOP_ANALYSIS = YES;
				CLANG_WARN_STRICT_PROTOTYPES = YES;
				CLANG_WARN_SUSPICIOUS_MOVE = YES;
				CLANG_WARN_UNGUARDED_AVAILABILITY = YES_AGGRESSIVE;
				CLANG_WARN_UNREACHABLE_CODE = YES;
				CLANG_WARN__DUPLICATE_METHOD_MATCH = YES;
				CODE_SIGN_IDENTITY = "iPhone Developer";
				COPY_PHASE_STRIP = NO;
				DEBUG_INFORMATION_FORMAT = "dwarf-with-dsym";
				ENABLE_NS_ASSERTIONS = NO;
				ENABLE_STRICT_OBJC_MSGSEND = YES;
				GCC_C_LANGUAGE_STANDARD = gnu11;
				GCC_NO_COMMON_BLOCKS = YES;
				GCC_WARN_64_TO_32_BIT_CONVERSION = YES;
				GCC_WARN_ABOUT_RETURN_TYPE = YES_ERROR;
				GCC_WARN_UNDECLARED_SELECTOR = YES;
				GCC_WARN_UNINITIALIZED_AUTOS = YES_AGGRESSIVE;
				GCC_WARN_UNUSED_FUNCTION = YES;
				GCC_WARN_UNUSED_VARIABLE = YES;
				IPHONEOS_DEPLOYMENT_TARGET = 12.4;
				MTL_ENABLE_DEBUG_INFO = NO;
				MTL_FAST_MATH = YES;
				SDKROOT = iphoneos;
				SWIFT_COMPILATION_MODE = wholemodule;
				SWIFT_OPTIMIZATION_LEVEL = "-O";
				VALIDATE_PRODUCT = YES;
			};
			name = Release;
		};
		9D1AC8A422EC42DD00DB9F66 /* Debug */ = {
			isa = XCBuildConfiguration;
			buildSettings = {
				ALWAYS_EMBED_SWIFT_STANDARD_LIBRARIES = YES;
				ASSETCATALOG_COMPILER_APPICON_NAME = AppIcon;
				CODE_SIGN_STYLE = Automatic;
				DEVELOPMENT_TEAM = 4QZXZ274HT;
				FRAMEWORK_SEARCH_PATHS = (
					"$(inherited)",
					"$(PROJECT_DIR)/Carthage/Build/iOS",
				);
				INFOPLIST_FILE = mulight/Info.plist;
				IPHONEOS_DEPLOYMENT_TARGET = 10.0;
				LD_RUNPATH_SEARCH_PATHS = (
					"$(inherited)",
					"@executable_path/Frameworks",
				);
				PRODUCT_BUNDLE_IDENTIFIER = com.jukui.mulight;
				PRODUCT_NAME = "$(TARGET_NAME)";
				SWIFT_VERSION = 5.0;
				TARGETED_DEVICE_FAMILY = 1;
			};
			name = Debug;
		};
		9D1AC8A522EC42DD00DB9F66 /* Release */ = {
			isa = XCBuildConfiguration;
			buildSettings = {
				ALWAYS_EMBED_SWIFT_STANDARD_LIBRARIES = YES;
				ASSETCATALOG_COMPILER_APPICON_NAME = AppIcon;
				CODE_SIGN_STYLE = Automatic;
				DEVELOPMENT_TEAM = 4QZXZ274HT;
				FRAMEWORK_SEARCH_PATHS = (
					"$(inherited)",
					"$(PROJECT_DIR)/Carthage/Build/iOS",
				);
				INFOPLIST_FILE = mulight/Info.plist;
				IPHONEOS_DEPLOYMENT_TARGET = 10.0;
				LD_RUNPATH_SEARCH_PATHS = (
					"$(inherited)",
					"@executable_path/Frameworks",
				);
				PRODUCT_BUNDLE_IDENTIFIER = com.jukui.mulight;
				PRODUCT_NAME = "$(TARGET_NAME)";
				SWIFT_VERSION = 5.0;
				TARGETED_DEVICE_FAMILY = 1;
			};
			name = Release;
		};
		9D1AC8A722EC42DD00DB9F66 /* Debug */ = {
			isa = XCBuildConfiguration;
			buildSettings = {
				ALWAYS_EMBED_SWIFT_STANDARD_LIBRARIES = YES;
				BUNDLE_LOADER = "$(TEST_HOST)";
				CODE_SIGN_STYLE = Automatic;
				FRAMEWORK_SEARCH_PATHS = (
					"$(inherited)",
					"$(PROJECT_DIR)/Carthage/Build/iOS",
				);
				INFOPLIST_FILE = mulightTests/Info.plist;
				LD_RUNPATH_SEARCH_PATHS = (
					"$(inherited)",
					"@executable_path/Frameworks",
					"@loader_path/Frameworks",
				);
				PRODUCT_BUNDLE_IDENTIFIER = com.jukui.mulightTests;
				PRODUCT_NAME = "$(TARGET_NAME)";
				SWIFT_VERSION = 5.0;
				TARGETED_DEVICE_FAMILY = "1,2";
				TEST_HOST = "$(BUILT_PRODUCTS_DIR)/mulight.app/mulight";
			};
			name = Debug;
		};
		9D1AC8A822EC42DD00DB9F66 /* Release */ = {
			isa = XCBuildConfiguration;
			buildSettings = {
				ALWAYS_EMBED_SWIFT_STANDARD_LIBRARIES = YES;
				BUNDLE_LOADER = "$(TEST_HOST)";
				CODE_SIGN_STYLE = Automatic;
				FRAMEWORK_SEARCH_PATHS = (
					"$(inherited)",
					"$(PROJECT_DIR)/Carthage/Build/iOS",
				);
				INFOPLIST_FILE = mulightTests/Info.plist;
				LD_RUNPATH_SEARCH_PATHS = (
					"$(inherited)",
					"@executable_path/Frameworks",
					"@loader_path/Frameworks",
				);
				PRODUCT_BUNDLE_IDENTIFIER = com.jukui.mulightTests;
				PRODUCT_NAME = "$(TARGET_NAME)";
				SWIFT_VERSION = 5.0;
				TARGETED_DEVICE_FAMILY = "1,2";
				TEST_HOST = "$(BUILT_PRODUCTS_DIR)/mulight.app/mulight";
			};
			name = Release;
		};
		9D1AC8AA22EC42DD00DB9F66 /* Debug */ = {
			isa = XCBuildConfiguration;
			buildSettings = {
				ALWAYS_EMBED_SWIFT_STANDARD_LIBRARIES = YES;
				CODE_SIGN_STYLE = Automatic;
				FRAMEWORK_SEARCH_PATHS = (
					"$(inherited)",
					"$(PROJECT_DIR)/Carthage/Build/iOS",
				);
				INFOPLIST_FILE = mulightUITests/Info.plist;
				LD_RUNPATH_SEARCH_PATHS = (
					"$(inherited)",
					"@executable_path/Frameworks",
					"@loader_path/Frameworks",
				);
				PRODUCT_BUNDLE_IDENTIFIER = com.jukui.mulightUITests;
				PRODUCT_NAME = "$(TARGET_NAME)";
				SWIFT_VERSION = 5.0;
				TARGETED_DEVICE_FAMILY = "1,2";
				TEST_TARGET_NAME = mulight;
			};
			name = Debug;
		};
		9D1AC8AB22EC42DD00DB9F66 /* Release */ = {
			isa = XCBuildConfiguration;
			buildSettings = {
				ALWAYS_EMBED_SWIFT_STANDARD_LIBRARIES = YES;
				CODE_SIGN_STYLE = Automatic;
				FRAMEWORK_SEARCH_PATHS = (
					"$(inherited)",
					"$(PROJECT_DIR)/Carthage/Build/iOS",
				);
				INFOPLIST_FILE = mulightUITests/Info.plist;
				LD_RUNPATH_SEARCH_PATHS = (
					"$(inherited)",
					"@executable_path/Frameworks",
					"@loader_path/Frameworks",
				);
				PRODUCT_BUNDLE_IDENTIFIER = com.jukui.mulightUITests;
				PRODUCT_NAME = "$(TARGET_NAME)";
				SWIFT_VERSION = 5.0;
				TARGETED_DEVICE_FAMILY = "1,2";
				TEST_TARGET_NAME = mulight;
			};
			name = Release;
		};
/* End XCBuildConfiguration section */

/* Begin XCConfigurationList section */
		9D1AC87622EC42DC00DB9F66 /* Build configuration list for PBXProject "mulight" */ = {
			isa = XCConfigurationList;
			buildConfigurations = (
				9D1AC8A122EC42DD00DB9F66 /* Debug */,
				9D1AC8A222EC42DD00DB9F66 /* Release */,
			);
			defaultConfigurationIsVisible = 0;
			defaultConfigurationName = Release;
		};
		9D1AC8A322EC42DD00DB9F66 /* Build configuration list for PBXNativeTarget "mulight" */ = {
			isa = XCConfigurationList;
			buildConfigurations = (
				9D1AC8A422EC42DD00DB9F66 /* Debug */,
				9D1AC8A522EC42DD00DB9F66 /* Release */,
			);
			defaultConfigurationIsVisible = 0;
			defaultConfigurationName = Release;
		};
		9D1AC8A622EC42DD00DB9F66 /* Build configuration list for PBXNativeTarget "mulightTests" */ = {
			isa = XCConfigurationList;
			buildConfigurations = (
				9D1AC8A722EC42DD00DB9F66 /* Debug */,
				9D1AC8A822EC42DD00DB9F66 /* Release */,
			);
			defaultConfigurationIsVisible = 0;
			defaultConfigurationName = Release;
		};
		9D1AC8A922EC42DD00DB9F66 /* Build configuration list for PBXNativeTarget "mulightUITests" */ = {
			isa = XCConfigurationList;
			buildConfigurations = (
				9D1AC8AA22EC42DD00DB9F66 /* Debug */,
				9D1AC8AB22EC42DD00DB9F66 /* Release */,
			);
			defaultConfigurationIsVisible = 0;
			defaultConfigurationName = Release;
		};
/* End XCConfigurationList section */
	};
	rootObject = 9D1AC87322EC42DC00DB9F66 /* Project object */;
}
